
Microsoft Visual Studio Solution File, Format Version 12.00
# Visual Studio Version 17
VisualStudioVersion = 17.6.33829.357
MinimumVisualStudioVersion = 10.0.40219.1
Project("{FAE04EC0-301F-11D3-BF4B-00C04F79EFBC}") = "Numero por Extenso", "Numero por Extenso\Numero por Extenso.csproj", "{55E0194B-BFA1-45AA-9839-78ECBD0693C4}"
EndProject
Project("{FAE04EC0-301F-11D3-BF4B-00C04F79EFBC}") = "Requisitos para carteira de habilitação", "Requisitos para carteira de habilitação\Requisitos para carteira de habilitação.csproj", "{4E24BBE2-A83B-4C24-9DFD-943029A4CA37}"
EndProject
Project("{FAE04EC0-301F-11D3-BF4B-00C04F79EFBC}") = "Lucro na venda de produtos", "Lucro na venda de produtos\Lucro na venda de produtos.csproj", "{E860C0C9-3327-4096-AB6F-D21F0D8E3903}"
EndProject
Project("{FAE04EC0-301F-11D3-BF4B-00C04F79EFBC}") = "Série Numérica Específica", "Série Numérica Específica\Série Numérica Específica.csproj", "{F40AA9A9-BD87-4636-9F1F-C684FEE3C157}"
EndProject
Project("{FAE04EC0-301F-11D3-BF4B-00C04F79EFBC}") = "Preço final imposto", "Preço final imposto\Preço final imposto.csproj", "{D7FB7EAB-05AF-4379-8F2A-816FE4DA2224}"
EndProject
Project("{FAE04EC0-301F-11D3-BF4B-00C04F79EFBC}") = "Cáculo IMC", "Cáculo IMC\Cáculo IMC.csproj", "{68A4FA6B-E9FE-4C16-BA6E-C899D1CEE1E8}"
EndProject
Project("{FAE04EC0-301F-11D3-BF4B-00C04F79EFBC}") = "Numeros dívisiveis", "Numeros dívisiveis\Numeros dívisiveis.csproj", "{8A7CDD92-43D0-4FA1-9749-982AC6C91093}"
EndProject
Project("{FAE04EC0-301F-11D3-BF4B-00C04F79EFBC}") = "Verificação de estoque", "Verificação de estoque\Verificação de estoque.csproj", "{ED048023-012C-419E-BC49-E383BCE6ADF5}"
EndProject
Project("{FAE04EC0-301F-11D3-BF4B-00C04F79EFBC}") = "Sequência de Fibonacci", "Sequência de Fibonacci\Sequência de Fibonacci.csproj", "{D62B25B4-EA5B-4154-AA58-7EB1B6A02CF9}"
EndProject
Project("{FAE04EC0-301F-11D3-BF4B-00C04F79EFBC}") = "Tabuada de Multiplicação", "Tabuada de Multiplicação\Tabuada de Multiplicação.csproj", "{975C17DD-9F5C-4838-A320-E6A17BC891D0}"
EndProject
Project("{FAE04EC0-301F-11D3-BF4B-00C04F79EFBC}") = "Cálculo do Fatorial", "Cálculo do Fatorial\Cálculo do Fatorial.csproj", "{07BF96DC-EA68-4B87-881F-5DCE32B16391}"
EndProject
Project("{FAE04EC0-301F-11D3-BF4B-00C04F79EFBC}") = "Números primos", "Números primos\Números primos.csproj", "{E67A588F-6E4B-4C15-8750-BE3D33769A13}"
EndProject
Project("{FAE04EC0-301F-11D3-BF4B-00C04F79EFBC}") = "Cálculo Média das Notas", "Cálculo Média das Notas\Cálculo Média das Notas.csproj", "{A47DA542-ACE0-4445-9275-A7A1EDE384D0}"
EndProject
Project("{FAE04EC0-301F-11D3-BF4B-00C04F79EFBC}") = "Conversão de temperaturas", "Conversão de temperaturas\Conversão de temperaturas.csproj", "{9F5CE2C6-8775-430C-818D-BF52664B1C49}"
EndProject
Project("{FAE04EC0-301F-11D3-BF4B-00C04F79EFBC}") = "cálculo de potência", "cálculo de potência\cálculo de potência.csproj", "{E64A581F-45A6-42E6-8EF4-F11F020498CB}"
EndProject
Project("{FAE04EC0-301F-11D3-BF4B-00C04F79EFBC}") = "Divisores de um número", "Divisores de um número\Divisores de um número.csproj", "{5A8A282B-F270-4075-A1A1-078A2BA5CE16}"
EndProject
Project("{FAE04EC0-301F-11D3-BF4B-00C04F79EFBC}") = "Jogo de Adivinhação", "Jogo de Adivinhação\Jogo de Adivinhação.csproj", "{9967EC17-FEF9-4A90-90D1-19BB425007C9}"
EndProject
Project("{FAE04EC0-301F-11D3-BF4B-00C04F79EFBC}") = "Progressão Aritmética", "Progressão Aritmética\Progressão Aritmética.csproj", "{6ACC2C00-FA2D-48C7-BBB2-A616D3E4BA28}"
EndProject
Global
	GlobalSection(SolutionConfigurationPlatforms) = preSolution
		Debug|Any CPU = Debug|Any CPU
		Release|Any CPU = Release|Any CPU
	EndGlobalSection
	GlobalSection(ProjectConfigurationPlatforms) = postSolution
		{55E0194B-BFA1-45AA-9839-78ECBD0693C4}.Debug|Any CPU.ActiveCfg = Debug|Any CPU
		{55E0194B-BFA1-45AA-9839-78ECBD0693C4}.Debug|Any CPU.Build.0 = Debug|Any CPU
		{55E0194B-BFA1-45AA-9839-78ECBD0693C4}.Release|Any CPU.ActiveCfg = Release|Any CPU
		{55E0194B-BFA1-45AA-9839-78ECBD0693C4}.Release|Any CPU.Build.0 = Release|Any CPU
		{4E24BBE2-A83B-4C24-9DFD-943029A4CA37}.Debug|Any CPU.ActiveCfg = Debug|Any CPU
		{4E24BBE2-A83B-4C24-9DFD-943029A4CA37}.Debug|Any CPU.Build.0 = Debug|Any CPU
		{4E24BBE2-A83B-4C24-9DFD-943029A4CA37}.Release|Any CPU.ActiveCfg = Release|Any CPU
		{4E24BBE2-A83B-4C24-9DFD-943029A4CA37}.Release|Any CPU.Build.0 = Release|Any CPU
		{E860C0C9-3327-4096-AB6F-D21F0D8E3903}.Debug|Any CPU.ActiveCfg = Debug|Any CPU
		{E860C0C9-3327-4096-AB6F-D21F0D8E3903}.Debug|Any CPU.Build.0 = Debug|Any CPU
		{E860C0C9-3327-4096-AB6F-D21F0D8E3903}.Release|Any CPU.ActiveCfg = Release|Any CPU
		{E860C0C9-3327-4096-AB6F-D21F0D8E3903}.Release|Any CPU.Build.0 = Release|Any CPU
		{F40AA9A9-BD87-4636-9F1F-C684FEE3C157}.Debug|Any CPU.ActiveCfg = Debug|Any CPU
		{F40AA9A9-BD87-4636-9F1F-C684FEE3C157}.Debug|Any CPU.Build.0 = Debug|Any CPU
		{F40AA9A9-BD87-4636-9F1F-C684FEE3C157}.Release|Any CPU.ActiveCfg = Release|Any CPU
		{F40AA9A9-BD87-4636-9F1F-C684FEE3C157}.Release|Any CPU.Build.0 = Release|Any CPU
		{D7FB7EAB-05AF-4379-8F2A-816FE4DA2224}.Debug|Any CPU.ActiveCfg = Debug|Any CPU
		{D7FB7EAB-05AF-4379-8F2A-816FE4DA2224}.Debug|Any CPU.Build.0 = Debug|Any CPU
		{D7FB7EAB-05AF-4379-8F2A-816FE4DA2224}.Release|Any CPU.ActiveCfg = Release|Any CPU
		{D7FB7EAB-05AF-4379-8F2A-816FE4DA2224}.Release|Any CPU.Build.0 = Release|Any CPU
		{68A4FA6B-E9FE-4C16-BA6E-C899D1CEE1E8}.Debug|Any CPU.ActiveCfg = Debug|Any CPU
		{68A4FA6B-E9FE-4C16-BA6E-C899D1CEE1E8}.Debug|Any CPU.Build.0 = Debug|Any CPU
		{68A4FA6B-E9FE-4C16-BA6E-C899D1CEE1E8}.Release|Any CPU.ActiveCfg = Release|Any CPU
		{68A4FA6B-E9FE-4C16-BA6E-C899D1CEE1E8}.Release|Any CPU.Build.0 = Release|Any CPU
		{8A7CDD92-43D0-4FA1-9749-982AC6C91093}.Debug|Any CPU.ActiveCfg = Debug|Any CPU
		{8A7CDD92-43D0-4FA1-9749-982AC6C91093}.Debug|Any CPU.Build.0 = Debug|Any CPU
		{8A7CDD92-43D0-4FA1-9749-982AC6C91093}.Release|Any CPU.ActiveCfg = Release|Any CPU
		{8A7CDD92-43D0-4FA1-9749-982AC6C91093}.Release|Any CPU.Build.0 = Release|Any CPU
		{ED048023-012C-419E-BC49-E383BCE6ADF5}.Debug|Any CPU.ActiveCfg = Debug|Any CPU
		{ED048023-012C-419E-BC49-E383BCE6ADF5}.Debug|Any CPU.Build.0 = Debug|Any CPU
		{ED048023-012C-419E-BC49-E383BCE6ADF5}.Release|Any CPU.ActiveCfg = Release|Any CPU
		{ED048023-012C-419E-BC49-E383BCE6ADF5}.Release|Any CPU.Build.0 = Release|Any CPU
		{D62B25B4-EA5B-4154-AA58-7EB1B6A02CF9}.Debug|Any CPU.ActiveCfg = Debug|Any CPU
		{D62B25B4-EA5B-4154-AA58-7EB1B6A02CF9}.Debug|Any CPU.Build.0 = Debug|Any CPU
		{D62B25B4-EA5B-4154-AA58-7EB1B6A02CF9}.Release|Any CPU.ActiveCfg = Release|Any CPU
		{D62B25B4-EA5B-4154-AA58-7EB1B6A02CF9}.Release|Any CPU.Build.0 = Release|Any CPU
		{975C17DD-9F5C-4838-A320-E6A17BC891D0}.Debug|Any CPU.ActiveCfg = Debug|Any CPU
		{975C17DD-9F5C-4838-A320-E6A17BC891D0}.Debug|Any CPU.Build.0 = Debug|Any CPU
		{975C17DD-9F5C-4838-A320-E6A17BC891D0}.Release|Any CPU.ActiveCfg = Release|Any CPU
		{975C17DD-9F5C-4838-A320-E6A17BC891D0}.Release|Any CPU.Build.0 = Release|Any CPU
		{07BF96DC-EA68-4B87-881F-5DCE32B16391}.Debug|Any CPU.ActiveCfg = Debug|Any CPU
		{07BF96DC-EA68-4B87-881F-5DCE32B16391}.Debug|Any CPU.Build.0 = Debug|Any CPU
		{07BF96DC-EA68-4B87-881F-5DCE32B16391}.Release|Any CPU.ActiveCfg = Release|Any CPU
		{07BF96DC-EA68-4B87-881F-5DCE32B16391}.Release|Any CPU.Build.0 = Release|Any CPU
		{E67A588F-6E4B-4C15-8750-BE3D33769A13}.Debug|Any CPU.ActiveCfg = Debug|Any CPU
		{E67A588F-6E4B-4C15-8750-BE3D33769A13}.Debug|Any CPU.Build.0 = Debug|Any CPU
		{E67A588F-6E4B-4C15-8750-BE3D33769A13}.Release|Any CPU.ActiveCfg = Release|Any CPU
		{E67A588F-6E4B-4C15-8750-BE3D33769A13}.Release|Any CPU.Build.0 = Release|Any CPU
		{A47DA542-ACE0-4445-9275-A7A1EDE384D0}.Debug|Any CPU.ActiveCfg = Debug|Any CPU
		{A47DA542-ACE0-4445-9275-A7A1EDE384D0}.Debug|Any CPU.Build.0 = Debug|Any CPU
		{A47DA542-ACE0-4445-9275-A7A1EDE384D0}.Release|Any CPU.ActiveCfg = Release|Any CPU
		{A47DA542-ACE0-4445-9275-A7A1EDE384D0}.Release|Any CPU.Build.0 = Release|Any CPU
		{9F5CE2C6-8775-430C-818D-BF52664B1C49}.Debug|Any CPU.ActiveCfg = Debug|Any CPU
		{9F5CE2C6-8775-430C-818D-BF52664B1C49}.Debug|Any CPU.Build.0 = Debug|Any CPU
		{9F5CE2C6-8775-430C-818D-BF52664B1C49}.Release|Any CPU.ActiveCfg = Release|Any CPU
		{9F5CE2C6-8775-430C-818D-BF52664B1C49}.Release|Any CPU.Build.0 = Release|Any CPU
		{E64A581F-45A6-42E6-8EF4-F11F020498CB}.Debug|Any CPU.ActiveCfg = Debug|Any CPU
		{E64A581F-45A6-42E6-8EF4-F11F020498CB}.Debug|Any CPU.Build.0 = Debug|Any CPU
		{E64A581F-45A6-42E6-8EF4-F11F020498CB}.Release|Any CPU.ActiveCfg = Release|Any CPU
		{E64A581F-45A6-42E6-8EF4-F11F020498CB}.Release|Any CPU.Build.0 = Release|Any CPU
		{5A8A282B-F270-4075-A1A1-078A2BA5CE16}.Debug|Any CPU.ActiveCfg = Debug|Any CPU
		{5A8A282B-F270-4075-A1A1-078A2BA5CE16}.Debug|Any CPU.Build.0 = Debug|Any CPU
		{5A8A282B-F270-4075-A1A1-078A2BA5CE16}.Release|Any CPU.ActiveCfg = Release|Any CPU
		{5A8A282B-F270-4075-A1A1-078A2BA5CE16}.Release|Any CPU.Build.0 = Release|Any CPU
		{9967EC17-FEF9-4A90-90D1-19BB425007C9}.Debug|Any CPU.ActiveCfg = Debug|Any CPU
		{9967EC17-FEF9-4A90-90D1-19BB425007C9}.Debug|Any CPU.Build.0 = Debug|Any CPU
		{9967EC17-FEF9-4A90-90D1-19BB425007C9}.Release|Any CPU.ActiveCfg = Release|Any CPU
		{9967EC17-FEF9-4A90-90D1-19BB425007C9}.Release|Any CPU.Build.0 = Release|Any CPU
		{6ACC2C00-FA2D-48C7-BBB2-A616D3E4BA28}.Debug|Any CPU.ActiveCfg = Debug|Any CPU
		{6ACC2C00-FA2D-48C7-BBB2-A616D3E4BA28}.Debug|Any CPU.Build.0 = Debug|Any CPU
		{6ACC2C00-FA2D-48C7-BBB2-A616D3E4BA28}.Release|Any CPU.ActiveCfg = Release|Any CPU
		{6ACC2C00-FA2D-48C7-BBB2-A616D3E4BA28}.Release|Any CPU.Build.0 = Release|Any CPU
	EndGlobalSection
	GlobalSection(SolutionProperties) = preSolution
		HideSolutionNode = FALSE
	EndGlobalSection
	GlobalSection(ExtensibilityGlobals) = postSolution
		SolutionGuid = {0E8E093E-937A-4591-ACF5-ADC5BA30AD07}
	EndGlobalSection
EndGlobal
